Microsoft Visual Studio Solution File, Format Version 12.00
# Visual Studio Version 17
VisualStudioVersion = 17.0.31903.59
MinimumVisualStudioVersion = 10.0.40219.1
Project("{FAE04EC0-301F-11D3-BF4B-00C04F79EFBC}") = "TgaPlatform.Core", "src\Core\TgaPlatform.Core.csproj", "{9FA5D2A8-5A4A-4F67-8D8E-1A5B80E7E001}"
EndProject
Project("{FAE04EC0-301F-11D3-BF4B-00C04F79EFBC}") = "TgaPlatform.RevitAddin", "src\RevitAddin\TgaPlatform.RevitAddin.csproj", "{9FA5D2A8-5A4A-4F67-8D8E-1A5B80E7E002}"
EndProject
Project("{FAE04EC0-301F-11D3-BF4B-00C04F79EFBC}") = "TgaPlatform.Tests", "tests\TgaPlatform.Tests\TgaPlatform.Tests.csproj", "{9FA5D2A8-5A4A-4F67-8D8E-1A5B80E7E003}"
EndProject
Global
	GlobalSection(SolutionConfigurationPlatforms) = preSolution
		Debug|Any CPU = Debug|Any CPU
		Release|Any CPU = Release|Any CPU
	EndGlobalSection
	GlobalSection(ProjectConfigurationPlatforms) = postSolution
		{9FA5D2A8-5A4A-4F67-8D8E-1A5B80E7E001}.Debug|Any CPU.ActiveCfg = Debug|Any CPU
		{9FA5D2A8-5A4A-4F67-8D8E-1A5B80E7E001}.Debug|Any CPU.Build.0 = Debug|Any CPU
		{9FA5D2A8-5A4A-4F67-8D8E-1A5B80E7E001}.Release|Any CPU.ActiveCfg = Release|Any CPU
		{9FA5D2A8-5A4A-4F67-8D8E-1A5B80E7E001}.Release|Any CPU.Build.0 = Release|Any CPU
		{9FA5D2A8-5A4A-4F67-8D8E-1A5B80E7E002}.Debug|Any CPU.ActiveCfg = Debug|Any CPU
		{9FA5D2A8-5A4A-4F67-8D8E-1A5B80E7E002}.Debug|Any CPU.Build.0 = Debug|Any CPU
		{9FA5D2A8-5A4A-4F67-8D8E-1A5B80E7E002}.Release|Any CPU.ActiveCfg = Release|Any CPU
		{9FA5D2A8-5A4A-4F67-8D8E-1A5B80E7E002}.Release|Any CPU.Build.0 = Release|Any CPU
		{9FA5D2A8-5A4A-4F67-8D8E-1A5B80E7E003}.Debug|Any CPU.ActiveCfg = Debug|Any CPU
		{9FA5D2A8-5A4A-4F67-8D8E-1A5B80E7E003}.Debug|Any CPU.Build.0 = Debug|Any CPU
		{9FA5D2A8-5A4A-4F67-8D8E-1A5B80E7E003}.Release|Any CPU.ActiveCfg = Release|Any CPU
		{9FA5D2A8-5A4A-4F67-8D8E-1A5B80E7E003}.Release|Any CPU.Build.0 = Release|Any CPU
	EndGlobalSection
EndGlobal
